
Microsoft Visual Studio Solution File, Format Version 12.00
# Visual Studio Version 17
VisualStudioVersion = 17.12.35728.132
MinimumVisualStudioVersion = 10.0.40219.1
Project("{8BC9CEB8-8B4A-11D0-8D11-00A0C91BC942}") = "CHAN_PenSample", "CHAN_PenSample\CHAN_PenSample.vcxproj", "{D92DD452-A316-4D3B-B3DD-A877AAE9E77B}"
EndProject
Project("{8BC9CEB8-8B4A-11D0-8D11-00A0C91BC942}") = "CHAN_FontSample", "CHAN_FontSample\CHAN_FontSample.vcxproj", "{541BADB0-87A0-4185-A5C8-DABF51A08B81}"
EndProject
Project("{8BC9CEB8-8B4A-11D0-8D11-00A0C91BC942}") = "CHAN_BmpSample", "CHAN_BmpSample\CHAN_BmpSample.vcxproj", "{549318F7-B9B0-472E-987B-B26A822EB279}"
EndProject
Project("{8BC9CEB8-8B4A-11D0-8D11-00A0C91BC942}") = "CHAN_ImageSample", "CHAN_ImageSample\CHAN_ImageSample.vcxproj", "{A5362C56-65C1-4CD0-9B4D-B31E94A68990}"
EndProject
Global
	GlobalSection(SolutionConfigurationPlatforms) = preSolution
		Debug|x64 = Debug|x64
		Debug|x86 = Debug|x86
		Release|x64 = Release|x64
		Release|x86 = Release|x86
	EndGlobalSection
	GlobalSection(ProjectConfigurationPlatforms) = postSolution
		{D92DD452-A316-4D3B-B3DD-A877AAE9E77B}.Debug|x64.ActiveCfg = Debug|x64
		{D92DD452-A316-4D3B-B3DD-A877AAE9E77B}.Debug|x64.Build.0 = Debug|x64
		{D92DD452-A316-4D3B-B3DD-A877AAE9E77B}.Debug|x86.ActiveCfg = Debug|Win32
		{D92DD452-A316-4D3B-B3DD-A877AAE9E77B}.Debug|x86.Build.0 = Debug|Win32
		{D92DD452-A316-4D3B-B3DD-A877AAE9E77B}.Release|x64.ActiveCfg = Release|x64
		{D92DD452-A316-4D3B-B3DD-A877AAE9E77B}.Release|x64.Build.0 = Release|x64
		{D92DD452-A316-4D3B-B3DD-A877AAE9E77B}.Release|x86.ActiveCfg = Release|Win32
		{D92DD452-A316-4D3B-B3DD-A877AAE9E77B}.Release|x86.Build.0 = Release|Win32
		{541BADB0-87A0-4185-A5C8-DABF51A08B81}.Debug|x64.ActiveCfg = Debug|x64
		{541BADB0-87A0-4185-A5C8-DABF51A08B81}.Debug|x64.Build.0 = Debug|x64
		{541BADB0-87A0-4185-A5C8-DABF51A08B81}.Debug|x86.ActiveCfg = Debug|Win32
		{541BADB0-87A0-4185-A5C8-DABF51A08B81}.Debug|x86.Build.0 = Debug|Win32
		{541BADB0-87A0-4185-A5C8-DABF51A08B81}.Release|x64.ActiveCfg = Release|x64
		{541BADB0-87A0-4185-A5C8-DABF51A08B81}.Release|x64.Build.0 = Release|x64
		{541BADB0-87A0-4185-A5C8-DABF51A08B81}.Release|x86.ActiveCfg = Release|Win32
		{541BADB0-87A0-4185-A5C8-DABF51A08B81}.Release|x86.Build.0 = Release|Win32
		{549318F7-B9B0-472E-987B-B26A822EB279}.Debug|x64.ActiveCfg = Debug|x64
		{549318F7-B9B0-472E-987B-B26A822EB279}.Debug|x64.Build.0 = Debug|x64
		{549318F7-B9B0-472E-987B-B26A822EB279}.Debug|x86.ActiveCfg = Debug|Win32
		{549318F7-B9B0-472E-987B-B26A822EB279}.Debug|x86.Build.0 = Debug|Win32
		{549318F7-B9B0-472E-987B-B26A822EB279}.Release|x64.ActiveCfg = Release|x64
		{549318F7-B9B0-472E-987B-B26A822EB279}.Release|x64.Build.0 = Release|x64
		{549318F7-B9B0-472E-987B-B26A822EB279}.Release|x86.ActiveCfg = Release|Win32
		{549318F7-B9B0-472E-987B-B26A822EB279}.Release|x86.Build.0 = Release|Win32
		{A5362C56-65C1-4CD0-9B4D-B31E94A68990}.Debug|x64.ActiveCfg = Debug|x64
		{A5362C56-65C1-4CD0-9B4D-B31E94A68990}.Debug|x64.Build.0 = Debug|x64
		{A5362C56-65C1-4CD0-9B4D-B31E94A68990}.Debug|x86.ActiveCfg = Debug|Win32
		{A5362C56-65C1-4CD0-9B4D-B31E94A68990}.Debug|x86.Build.0 = Debug|Win32
		{A5362C56-65C1-4CD0-9B4D-B31E94A68990}.Release|x64.ActiveCfg = Release|x64
		{A5362C56-65C1-4CD0-9B4D-B31E94A68990}.Release|x64.Build.0 = Release|x64
		{A5362C56-65C1-4CD0-9B4D-B31E94A68990}.Release|x86.ActiveCfg = Release|Win32
		{A5362C56-65C1-4CD0-9B4D-B31E94A68990}.Release|x86.Build.0 = Release|Win32
	EndGlobalSection
	GlobalSection(SolutionProperties) = preSolution
		HideSolutionNode = FALSE
	EndGlobalSection
EndGlobal
